<?xml version="1.0" encoding="utf-8"?>
<Project ToolsVersion="4.0" xmlns="http://schemas.microsoft.com/developer/msbuild/2003">
  <ItemGroup>
    <Filter Include="源文件">
      <UniqueIdentifier>{4FC737F1-C7A5-4376-A066-2A32D752A2FF}</UniqueIdentifier>
      <Extensions>cpp;c;cc;cxx;def;odl;idl;hpj;bat;asm;asmx</Extensions>
    </Filter>
    <Filter Include="头文件">
      <UniqueIdentifier>{93995380-89BD-4b04-88EB-625FBE52EBFB}</UniqueIdentifier>
      <Extensions>h;hh;hpp;hxx;hm;inl;inc;xsd</Extensions>
    </Filter>
    <Filter Include="资源文件">
      <UniqueIdentifier>{67DA6AB6-F800-4c08-8B7A-83BB121AAD01}</UniqueIdentifier>
      <Extensions>rc;ico;cur;bmp;dlg;rc2;rct;bin;rgs;gif;jpg;jpeg;jpe;resx;tiff;tif;png;wav;mfcribbon-ms</Extensions>
    </Filter>
    <Filter Include="protos">
      <UniqueIdentifier>{499f391e-531f-4866-ac70-cb6cfd14f0ef}</UniqueIdentifier>
      <Extensions>proto;pb.cc;pb.h</Extensions>
    </Filter>
  </ItemGroup>
  <ItemGroup>
    <ClInclude Include="PBComplexTableSerializer.h">
      <Filter>头文件</Filter>
    </ClInclude>
    <ClInclude Include="pbserializer_exp.h">
      <Filter>头文件</Filter>
    </ClInclude>
    <ClInclude Include="PBDoubleTableSerializer.h">
      <Filter>头文件</Filter>
    </ClInclude>
    <ClInclude Include="PBIntTableSerializer.h">
      <Filter>头文件</Filter>
    </ClInclude>
    <ClInclude Include="PBStringTableSerializer.h">
      <Filter>头文件</Filter>
    </ClInclude>
    <ClInclude Include="ExceptionDef.h">
      <Filter>头文件</Filter>
    </ClInclude>
    <ClInclude Include="pbserializers.h">
      <Filter>头文件</Filter>
    </ClInclude>
    <ClInclude Include="PBCombineSerializer.h">
      <Filter>头文件</Filter>
    </ClInclude>
    <ClInclude Include="PBResultSerializer.h">
      <Filter>头文件</Filter>
    </ClInclude>
    <ClInclude Include="PBUserInfoSerializer.h">
      <Filter>头文件</Filter>
    </ClInclude>
    <ClInclude Include="PBUserInfoListSerializer.h">
      <Filter>头文件</Filter>
    </ClInclude>
    <ClInclude Include="PBMessageSerializerFactory.h">
      <Filter>头文件</Filter>
    </ClInclude>
    <ClInclude Include="PBStringMapSerializer.h">
      <Filter>头文件</Filter>
    </ClInclude>
    <ClInclude Include="pbmacros.h">
      <Filter>头文件</Filter>
    </ClInclude>
    <ClInclude Include="..\Protos\commondefine.pb.h">
      <Filter>protos</Filter>
    </ClInclude>
    <ClInclude Include="..\Protos\errormsg.pb.h">
      <Filter>protos</Filter>
    </ClInclude>
    <ClInclude Include="..\Protos\simpletable.pb.h">
      <Filter>protos</Filter>
    </ClInclude>
    <ClInclude Include="..\Protos\usermanager.pb.h">
      <Filter>protos</Filter>
    </ClInclude>
    <ClInclude Include="resource.h">
      <Filter>头文件</Filter>
    </ClInclude>
    <ClInclude Include="PBExceptionSerializer.h">
      <Filter>头文件</Filter>
    </ClInclude>
    <ClInclude Include="PBEchoMessageSerializer.h">
      <Filter>头文件</Filter>
    </ClInclude>
    <ClInclude Include="..\Protos\modelalgorithm.pb.h">
      <Filter>protos</Filter>
    </ClInclude>
    <ClInclude Include="PBModelParamsSerializer.h">
      <Filter>头文件</Filter>
    </ClInclude>
    <ClInclude Include="PBModelParamDefSerializer.h">
      <Filter>头文件</Filter>
    </ClInclude>
  </ItemGroup>
  <ItemGroup>
    <ClCompile Include="PBComplexTableSerializer.cpp">
      <Filter>源文件</Filter>
    </ClCompile>
    <ClCompile Include="PBDoubleTableSerializer.cpp">
      <Filter>源文件</Filter>
    </ClCompile>
    <ClCompile Include="PBIntTableSerializer.cpp">
      <Filter>源文件</Filter>
    </ClCompile>
    <ClCompile Include="PBStringTableSerializer.cpp">
      <Filter>源文件</Filter>
    </ClCompile>
    <ClCompile Include="PBCombineSerializer.cpp">
      <Filter>源文件</Filter>
    </ClCompile>
    <ClCompile Include="PBResultSerializer.cpp">
      <Filter>源文件</Filter>
    </ClCompile>
    <ClCompile Include="PBUserInfoSerializer.cpp">
      <Filter>源文件</Filter>
    </ClCompile>
    <ClCompile Include="PBUserInfoListSerializer.cpp">
      <Filter>源文件</Filter>
    </ClCompile>
    <ClCompile Include="PBMessageSerializerFactory.cpp">
      <Filter>源文件</Filter>
    </ClCompile>
    <ClCompile Include="pbserializer_exp.cpp">
      <Filter>源文件</Filter>
    </ClCompile>
    <ClCompile Include="PBStringMapSerializer.cpp">
      <Filter>源文件</Filter>
    </ClCompile>
    <ClCompile Include="..\Protos\commondefine.pb.cc">
      <Filter>protos</Filter>
    </ClCompile>
    <ClCompile Include="..\Protos\errormsg.pb.cc">
      <Filter>protos</Filter>
    </ClCompile>
    <ClCompile Include="..\Protos\simpletable.pb.cc">
      <Filter>protos</Filter>
    </ClCompile>
    <ClCompile Include="..\Protos\usermanager.pb.cc">
      <Filter>protos</Filter>
    </ClCompile>
    <ClCompile Include="PBExceptionSerializer.cpp">
      <Filter>源文件</Filter>
    </ClCompile>
    <ClCompile Include="PBEchoMessageSerializer.cpp">
      <Filter>源文件</Filter>
    </ClCompile>
    <ClCompile Include="..\Protos\modelalgorithm.pb.cc">
      <Filter>protos</Filter>
    </ClCompile>
    <ClCompile Include="PBModelParamsSerializer.cpp">
      <Filter>源文件</Filter>
    </ClCompile>
    <ClCompile Include="PBModelParamDefSerializer.cpp">
      <Filter>源文件</Filter>
    </ClCompile>
  </ItemGroup>
  <ItemGroup>
    <CustomBuild Include="..\Protos\errormsg.proto">
      <Filter>protos</Filter>
    </CustomBuild>
    <CustomBuild Include="..\Protos\simpletable.proto">
      <Filter>protos</Filter>
    </CustomBuild>
    <CustomBuild Include="..\Protos\commondefine.proto">
      <Filter>protos</Filter>
    </CustomBuild>
    <CustomBuild Include="..\Protos\usermanager.proto">
      <Filter>protos</Filter>
    </CustomBuild>
    <CustomBuild Include="..\Protos\modelalgorithm.proto">
      <Filter>protos</Filter>
    </CustomBuild>
  </ItemGroup>
  <ItemGroup>
    <ResourceCompile Include="pbserializer.rc">
      <Filter>资源文件</Filter>
    </ResourceCompile>
  </ItemGroup>
</Project>