<?xml version="1.0" encoding="utf-8"?>
<Project ToolsVersion="4.0" xmlns="http://schemas.microsoft.com/developer/msbuild/2003">
  <ItemGroup>
    <Filter Include="源文件">
      <UniqueIdentifier>{4FC737F1-C7A5-4376-A066-2A32D752A2FF}</UniqueIdentifier>
      <Extensions>cpp;c;cc;cxx;def;odl;idl;hpj;bat;asm;asmx</Extensions>
    </Filter>
    <Filter Include="头文件">
      <UniqueIdentifier>{93995380-89BD-4b04-88EB-625FBE52EBFB}</UniqueIdentifier>
      <Extensions>h;hh;hpp;hxx;hm;inl;inc;xsd</Extensions>
    </Filter>
    <Filter Include="资源文件">
      <UniqueIdentifier>{67DA6AB6-F800-4c08-8B7A-83BB121AAD01}</UniqueIdentifier>
      <Extensions>rc;ico;cur;bmp;dlg;rc2;rct;bin;rgs;gif;jpg;jpeg;jpe;resx;tiff;tif;png;wav;mfcribbon-ms</Extensions>
    </Filter>
    <Filter Include="头文件\common">
      <UniqueIdentifier>{e431d3a6-94e6-4ca9-b957-ea8ab1664e5a}</UniqueIdentifier>
    </Filter>
    <Filter Include="头文件\system">
      <UniqueIdentifier>{156e8c27-7783-4f93-af04-2a1f663696b5}</UniqueIdentifier>
    </Filter>
    <Filter Include="头文件\otc">
      <UniqueIdentifier>{1c52d6dd-e38d-45f9-981a-60ab9d130064}</UniqueIdentifier>
    </Filter>
  </ItemGroup>
  <ItemGroup>
    <ClInclude Include="FieldName.h">
      <Filter>头文件</Filter>
    </ClInclude>
    <ClInclude Include="AccountInfoDO.h">
      <Filter>头文件\common</Filter>
    </ClInclude>
    <ClInclude Include="ExchangeDO.h">
      <Filter>头文件\common</Filter>
    </ClInclude>
    <ClInclude Include="InstrumentDO.h">
      <Filter>头文件\common</Filter>
    </ClInclude>
    <ClInclude Include="MarketDataDO.h">
      <Filter>头文件\common</Filter>
    </ClInclude>
    <ClInclude Include="OrderDO.h">
      <Filter>头文件\common</Filter>
    </ClInclude>
    <ClInclude Include="TradeRecordDO.h">
      <Filter>头文件\common</Filter>
    </ClInclude>
    <ClInclude Include="UserInfoDO.h">
      <Filter>头文件\common</Filter>
    </ClInclude>
    <ClInclude Include="UserPositionDO.h">
      <Filter>头文件\common</Filter>
    </ClInclude>
    <ClInclude Include="ContractKey.h">
      <Filter>头文件\common</Filter>
    </ClInclude>
    <ClInclude Include="TypedefDO.h">
      <Filter>头文件\common</Filter>
    </ClInclude>
    <ClInclude Include="EnumTypes.h">
      <Filter>头文件\common</Filter>
    </ClInclude>
    <ClInclude Include="dataobjectbase.h">
      <Filter>头文件</Filter>
    </ClInclude>
    <ClInclude Include="resource.h">
      <Filter>头文件</Filter>
    </ClInclude>
    <ClInclude Include="ComplexTableDO.h">
      <Filter>头文件\system</Filter>
    </ClInclude>
    <ClInclude Include="EchoMessageDO.h">
      <Filter>头文件\system</Filter>
    </ClInclude>
    <ClInclude Include="MessageExceptionDO.h">
      <Filter>头文件\system</Filter>
    </ClInclude>
    <ClInclude Include="ResultDO.h">
      <Filter>头文件\system</Filter>
    </ClInclude>
    <ClInclude Include="StrategyContractDO.h">
      <Filter>头文件\otc</Filter>
    </ClInclude>
    <ClInclude Include="UserContractParamDO.h">
      <Filter>头文件\otc</Filter>
    </ClInclude>
    <ClInclude Include="PortfolioDO.h">
      <Filter>头文件\otc</Filter>
    </ClInclude>
    <ClInclude Include="TemplateDO.h">
      <Filter>头文件\system</Filter>
    </ClInclude>
    <ClInclude Include="data_buffer.h">
      <Filter>头文件</Filter>
    </ClInclude>
    <ClInclude Include="ModelParamsDO.h">
      <Filter>头文件\system</Filter>
    </ClInclude>
    <ClInclude Include="PricingDO.h">
      <Filter>头文件\common</Filter>
    </ClInclude>
    <ClInclude Include="PricingContract.h">
      <Filter>头文件\otc</Filter>
    </ClInclude>
    <ClInclude Include="ContractParamDO.h">
      <Filter>头文件\otc</Filter>
    </ClInclude>
    <ClInclude Include="DateType.h">
      <Filter>头文件\common</Filter>
    </ClInclude>
    <ClInclude Include="Pricing.h">
      <Filter>头文件\common</Filter>
    </ClInclude>
    <ClInclude Include="TradingDeskOptionParams.h">
      <Filter>头文件\otc</Filter>
    </ClInclude>
    <ClInclude Include="ParamsBase.h">
      <Filter>头文件\system</Filter>
    </ClInclude>
    <ClInclude Include="UserAccountRegisterDO.h">
      <Filter>头文件\common</Filter>
    </ClInclude>
    <ClInclude Include="BankDO.h">
      <Filter>头文件\common</Filter>
    </ClInclude>
    <ClInclude Include="BankOpResultDO.h">
      <Filter>头文件\common</Filter>
    </ClInclude>
    <ClInclude Include="BankOpRequestDO.h">
      <Filter>头文件\common</Filter>
    </ClInclude>
    <ClInclude Include="PositionTradeDO.h">
      <Filter>头文件\common</Filter>
    </ClInclude>
    <ClInclude Include="WingsModelReturnDO.h">
      <Filter>头文件\otc</Filter>
    </ClInclude>
    <ClInclude Include="RiskDO.h">
      <Filter>头文件\otc</Filter>
    </ClInclude>
    <ClInclude Include="ValuationRiskDO.h">
      <Filter>头文件\otc</Filter>
    </ClInclude>
    <ClInclude Include="ExchangeRouterDO.h">
      <Filter>头文件\system</Filter>
    </ClInclude>
    <ClInclude Include="ModelParamDefDO.h">
      <Filter>头文件\system</Filter>
    </ClInclude>
  </ItemGroup>
  <ItemGroup>
    <None Include="ClassDiagram.cd" />
  </ItemGroup>
  <ItemGroup>
    <ResourceCompile Include="dataobject.rc">
      <Filter>资源文件</Filter>
    </ResourceCompile>
  </ItemGroup>
</Project>