
Microsoft Visual Studio Solution File, Format Version 12.00
# Visual Studio 14
VisualStudioVersion = 14.0.25420.1
MinimumVisualStudioVersion = 10.0.40219.1
Project("{8BC9CEB8-8B4A-11D0-8D11-00A0C91BC942}") = "configuration", "configuration\configuration.vcxproj", "{6CA92597-54A1-435D-B200-41860F096ABC}"
EndProject
Project("{8BC9CEB8-8B4A-11D0-8D11-00A0C91BC942}") = "dataobject", "dataobject\dataobject.vcxproj", "{6257959C-C51C-47BA-9B4C-B40E83F8453A}"
EndProject
Project("{8BC9CEB8-8B4A-11D0-8D11-00A0C91BC942}") = "dynamicloader", "dynamicloader\dynamicloader.vcxproj", "{8C2B597D-93EE-47EC-82EE-515B999A1FEB}"
EndProject
Project("{8BC9CEB8-8B4A-11D0-8D11-00A0C91BC942}") = "communication", "communication\communication.vcxproj", "{895A8AF4-0A3D-41AB-B86D-380CC92A9974}"
EndProject
Project("{8BC9CEB8-8B4A-11D0-8D11-00A0C91BC942}") = "utility", "utility\utility.vcxproj", "{35A39434-5D36-4FCC-96DC-632CE0092FA5}"
EndProject
Project("{8BC9CEB8-8B4A-11D0-8D11-00A0C91BC942}") = "pbserializer", "pbserializer\pbserializer.vcxproj", "{1A5CBEE1-204C-442B-9627-1AC231188197}"
EndProject
Project("{8BC9CEB8-8B4A-11D0-8D11-00A0C91BC942}") = "databaseop", "databaseop\databaseop.vcxproj", "{DC2AAE7B-2F79-42FC-94C2-BC3C9C1108C9}"
EndProject
Project("{8BC9CEB8-8B4A-11D0-8D11-00A0C91BC942}") = "TestCases", "TestCases\TestCases.vcxproj", "{0E175DE3-2831-4928-8447-F59EC90B7206}"
EndProject
Project("{8BC9CEB8-8B4A-11D0-8D11-00A0C91BC942}") = "pricingengine", "pricingengine\pricingengine.vcxproj", "{001A89A1-70D7-4A9B-A7B2-82D0BE1BA07C}"
EndProject
Project("{8BC9CEB8-8B4A-11D0-8D11-00A0C91BC942}") = "CTPOTCServer", "CTPOTCServer\CTPOTCServer.vcxproj", "{AC97BFDA-E884-484D-A2C7-CF8414AEE5CF}"
EndProject
Project("{8BC9CEB8-8B4A-11D0-8D11-00A0C91BC942}") = "ordermanager", "ordermanager\ordermanager.vcxproj", "{BE84A8C2-79EA-49A5-AB37-23250E0631B6}"
EndProject
Project("{8BC9CEB8-8B4A-11D0-8D11-00A0C91BC942}") = "CTSServer", "CTSServer\CTSServer.vcxproj", "{48E1C02C-D6CD-45D6-82C2-9ADECC0596D4}"
EndProject
Project("{8BC9CEB8-8B4A-11D0-8D11-00A0C91BC942}") = "CTPServer", "CTPServer\CTPServer.vcxproj", "{5CD2BAA7-91FE-4A63-80CF-7B25C5597C0F}"
EndProject
Project("{8BC9CEB8-8B4A-11D0-8D11-00A0C91BC942}") = "message", "message\message.vcxproj", "{E9ADAA2B-1CCB-4111-9AC3-BDDB3DC114F2}"
EndProject
Project("{8BC9CEB8-8B4A-11D0-8D11-00A0C91BC942}") = "TestingServer", "TestingServer\TestingServer.vcxproj", "{4A30BDB2-7A3A-4436-B227-AE24A517A59A}"
EndProject
Project("{2150E333-8FDC-42A3-9474-1A3956D46DE8}") = "common", "common", "{CEA77448-2ECE-433C-BD44-380C2A1B9E4B}"
	ProjectSection(SolutionItems) = preProject
		common\Attribute_Key.h = common\Attribute_Key.h
		common\BizErrorIDs.h = common\BizErrorIDs.h
		common\typedefs.h = common\typedefs.h
	EndProjectSection
EndProject
Project("{2150E333-8FDC-42A3-9474-1A3956D46DE8}") = "bizservers", "bizservers", "{F8045E65-B7D1-4D95-8612-684070C5B511}"
EndProject
Project("{2150E333-8FDC-42A3-9474-1A3956D46DE8}") = "mainapps", "mainapps", "{8B098C8C-8641-40CA-8276-2B13C513DEF9}"
EndProject
Project("{2150E333-8FDC-42A3-9474-1A3956D46DE8}") = "testing", "testing", "{E41E8604-02A0-4157-B07C-A95EAE5AF5D6}"
EndProject
Project("{8BC9CEB8-8B4A-11D0-8D11-00A0C91BC942}") = "AdminServer", "AdminServer\AdminServer.vcxproj", "{ED7D58EA-14CF-4767-BD8F-724866C99909}"
EndProject
Project("{8BC9CEB8-8B4A-11D0-8D11-00A0C91BC942}") = "bizutility", "bizutility\bizutility.vcxproj", "{E3F399CF-2D32-49A8-B536-EA7FAD14483F}"
EndProject
Project("{FAE04EC0-301F-11D3-BF4B-00C04F79EFBC}") = "Micro.Future.Server.Monitor", "Micro.Future.Server.Monitor\Micro.Future.Server.Monitor.csproj", "{540CECC0-F1D9-4D06-B158-BDA1F215A072}"
EndProject
Project("{8BC9CEB8-8B4A-11D0-8D11-00A0C91BC942}") = "mfsystem", "mfsystem\mfsystem.vcxproj", "{425D08BD-D784-4C63-8855-1F33974161EA}"
EndProject
Project("{8BC9CEB8-8B4A-11D0-8D11-00A0C91BC942}") = "mfsystemclr", "mfsystemclr\mfsystemclr.vcxproj", "{7A3CEF4A-18E6-404B-B5EA-8D2A8D336331}"
EndProject
Project("{8BC9CEB8-8B4A-11D0-8D11-00A0C91BC942}") = "pbbizserializer", "pbbizserializer\pbbizserializer.vcxproj", "{F3386CB2-5B6E-48CF-B26C-CAC97A238941}"
EndProject
Project("{8BC9CEB8-8B4A-11D0-8D11-00A0C91BC942}") = "litelogger", "litelogger\litelogger.vcxproj", "{C1D53247-D933-4F39-9B56-09909F6A1C27}"
EndProject
Project("{8BC9CEB8-8B4A-11D0-8D11-00A0C91BC942}") = "dataserializer", "dataserializer\dataserializer.vcxproj", "{FEECE5A0-B699-4DAC-BCA9-E95AE0276B66}"
EndProject
Project("{8BC9CEB8-8B4A-11D0-8D11-00A0C91BC942}") = "OptionServer", "OptionServer\OptionServer.vcxproj", "{DCD588F8-7058-442F-9F51-BCE059FAAD80}"
EndProject
Project("{8BC9CEB8-8B4A-11D0-8D11-00A0C91BC942}") = "OTCServer", "OTCServer\OTCServer.vcxproj", "{5F50C5DA-8183-40D3-A78B-6462EE958593}"
EndProject
Project("{8BC9CEB8-8B4A-11D0-8D11-00A0C91BC942}") = "mfserver", "mfserver\mfserver.vcxproj", "{45466523-6B2D-4066-8133-F96618D3B407}"
EndProject
Project("{8BC9CEB8-8B4A-11D0-8D11-00A0C91BC942}") = "systemsettings", "systemsettings\systemsettings.vcxproj", "{B2408E62-DA0A-4F39-8257-B9C33D09BD03}"
EndProject
Project("{FAE04EC0-301F-11D3-BF4B-00C04F79EFBC}") = "Micro.Future.Windows.Service", "Micro.Future.Windows.Service\Micro.Future.Windows.Service.csproj", "{2DE2394B-593B-47A9-9C4D-5F670FF7A5DA}"
EndProject
Global
	GlobalSection(SolutionConfigurationPlatforms) = preSolution
		Debug|Any CPU = Debug|Any CPU
		Debug|x64 = Debug|x64
		Debug|x86 = Debug|x86
		Release|Any CPU = Release|Any CPU
		Release|x64 = Release|x64
		Release|x86 = Release|x86
	EndGlobalSection
	GlobalSection(ProjectConfigurationPlatforms) = postSolution
		{6CA92597-54A1-435D-B200-41860F096ABC}.Debug|Any CPU.ActiveCfg = Debug|Win32
		{6CA92597-54A1-435D-B200-41860F096ABC}.Debug|x64.ActiveCfg = Debug|x64
		{6CA92597-54A1-435D-B200-41860F096ABC}.Debug|x64.Build.0 = Debug|x64
		{6CA92597-54A1-435D-B200-41860F096ABC}.Debug|x86.ActiveCfg = Debug|Win32
		{6CA92597-54A1-435D-B200-41860F096ABC}.Debug|x86.Build.0 = Debug|Win32
		{6CA92597-54A1-435D-B200-41860F096ABC}.Release|Any CPU.ActiveCfg = Release|Win32
		{6CA92597-54A1-435D-B200-41860F096ABC}.Release|x64.ActiveCfg = Release|x64
		{6CA92597-54A1-435D-B200-41860F096ABC}.Release|x64.Build.0 = Release|x64
		{6CA92597-54A1-435D-B200-41860F096ABC}.Release|x86.ActiveCfg = Release|Win32
		{6CA92597-54A1-435D-B200-41860F096ABC}.Release|x86.Build.0 = Release|Win32
		{6257959C-C51C-47BA-9B4C-B40E83F8453A}.Debug|Any CPU.ActiveCfg = Debug|Win32
		{6257959C-C51C-47BA-9B4C-B40E83F8453A}.Debug|x64.ActiveCfg = Debug|x64
		{6257959C-C51C-47BA-9B4C-B40E83F8453A}.Debug|x64.Build.0 = Debug|x64
		{6257959C-C51C-47BA-9B4C-B40E83F8453A}.Debug|x86.ActiveCfg = Debug|Win32
		{6257959C-C51C-47BA-9B4C-B40E83F8453A}.Debug|x86.Build.0 = Debug|Win32
		{6257959C-C51C-47BA-9B4C-B40E83F8453A}.Release|Any CPU.ActiveCfg = Release|Win32
		{6257959C-C51C-47BA-9B4C-B40E83F8453A}.Release|x64.ActiveCfg = Release|x64
		{6257959C-C51C-47BA-9B4C-B40E83F8453A}.Release|x64.Build.0 = Release|x64
		{6257959C-C51C-47BA-9B4C-B40E83F8453A}.Release|x86.ActiveCfg = Release|Win32
		{6257959C-C51C-47BA-9B4C-B40E83F8453A}.Release|x86.Build.0 = Release|Win32
		{8C2B597D-93EE-47EC-82EE-515B999A1FEB}.Debug|Any CPU.ActiveCfg = Debug|Win32
		{8C2B597D-93EE-47EC-82EE-515B999A1FEB}.Debug|x64.ActiveCfg = Debug|x64
		{8C2B597D-93EE-47EC-82EE-515B999A1FEB}.Debug|x64.Build.0 = Debug|x64
		{8C2B597D-93EE-47EC-82EE-515B999A1FEB}.Debug|x86.ActiveCfg = Debug|Win32
		{8C2B597D-93EE-47EC-82EE-515B999A1FEB}.Debug|x86.Build.0 = Debug|Win32
		{8C2B597D-93EE-47EC-82EE-515B999A1FEB}.Release|Any CPU.ActiveCfg = Release|Win32
		{8C2B597D-93EE-47EC-82EE-515B999A1FEB}.Release|x64.ActiveCfg = Release|x64
		{8C2B597D-93EE-47EC-82EE-515B999A1FEB}.Release|x64.Build.0 = Release|x64
		{8C2B597D-93EE-47EC-82EE-515B999A1FEB}.Release|x86.ActiveCfg = Release|Win32
		{8C2B597D-93EE-47EC-82EE-515B999A1FEB}.Release|x86.Build.0 = Release|Win32
		{895A8AF4-0A3D-41AB-B86D-380CC92A9974}.Debug|Any CPU.ActiveCfg = Debug|Win32
		{895A8AF4-0A3D-41AB-B86D-380CC92A9974}.Debug|x64.ActiveCfg = Debug|x64
		{895A8AF4-0A3D-41AB-B86D-380CC92A9974}.Debug|x64.Build.0 = Debug|x64
		{895A8AF4-0A3D-41AB-B86D-380CC92A9974}.Debug|x86.ActiveCfg = Debug|Win32
		{895A8AF4-0A3D-41AB-B86D-380CC92A9974}.Debug|x86.Build.0 = Debug|Win32
		{895A8AF4-0A3D-41AB-B86D-380CC92A9974}.Release|Any CPU.ActiveCfg = Release|Win32
		{895A8AF4-0A3D-41AB-B86D-380CC92A9974}.Release|x64.ActiveCfg = Release|x64
		{895A8AF4-0A3D-41AB-B86D-380CC92A9974}.Release|x64.Build.0 = Release|x64
		{895A8AF4-0A3D-41AB-B86D-380CC92A9974}.Release|x86.ActiveCfg = Release|Win32
		{895A8AF4-0A3D-41AB-B86D-380CC92A9974}.Release|x86.Build.0 = Release|Win32
		{35A39434-5D36-4FCC-96DC-632CE0092FA5}.Debug|Any CPU.ActiveCfg = Debug|Win32
		{35A39434-5D36-4FCC-96DC-632CE0092FA5}.Debug|x64.ActiveCfg = Debug|x64
		{35A39434-5D36-4FCC-96DC-632CE0092FA5}.Debug|x64.Build.0 = Debug|x64
		{35A39434-5D36-4FCC-96DC-632CE0092FA5}.Debug|x86.ActiveCfg = Debug|Win32
		{35A39434-5D36-4FCC-96DC-632CE0092FA5}.Debug|x86.Build.0 = Debug|Win32
		{35A39434-5D36-4FCC-96DC-632CE0092FA5}.Release|Any CPU.ActiveCfg = Release|Win32
		{35A39434-5D36-4FCC-96DC-632CE0092FA5}.Release|x64.ActiveCfg = Release|x64
		{35A39434-5D36-4FCC-96DC-632CE0092FA5}.Release|x64.Build.0 = Release|x64
		{35A39434-5D36-4FCC-96DC-632CE0092FA5}.Release|x86.ActiveCfg = Release|Win32
		{35A39434-5D36-4FCC-96DC-632CE0092FA5}.Release|x86.Build.0 = Release|Win32
		{1A5CBEE1-204C-442B-9627-1AC231188197}.Debug|Any CPU.ActiveCfg = Debug|Win32
		{1A5CBEE1-204C-442B-9627-1AC231188197}.Debug|x64.ActiveCfg = Debug|x64
		{1A5CBEE1-204C-442B-9627-1AC231188197}.Debug|x64.Build.0 = Debug|x64
		{1A5CBEE1-204C-442B-9627-1AC231188197}.Debug|x86.ActiveCfg = Debug|Win32
		{1A5CBEE1-204C-442B-9627-1AC231188197}.Debug|x86.Build.0 = Debug|Win32
		{1A5CBEE1-204C-442B-9627-1AC231188197}.Release|Any CPU.ActiveCfg = Release|Win32
		{1A5CBEE1-204C-442B-9627-1AC231188197}.Release|x64.ActiveCfg = Release|x64
		{1A5CBEE1-204C-442B-9627-1AC231188197}.Release|x64.Build.0 = Release|x64
		{1A5CBEE1-204C-442B-9627-1AC231188197}.Release|x86.ActiveCfg = Release|Win32
		{1A5CBEE1-204C-442B-9627-1AC231188197}.Release|x86.Build.0 = Release|Win32
		{DC2AAE7B-2F79-42FC-94C2-BC3C9C1108C9}.Debug|Any CPU.ActiveCfg = Debug|Win32
		{DC2AAE7B-2F79-42FC-94C2-BC3C9C1108C9}.Debug|x64.ActiveCfg = Debug|x64
		{DC2AAE7B-2F79-42FC-94C2-BC3C9C1108C9}.Debug|x64.Build.0 = Debug|x64
		{DC2AAE7B-2F79-42FC-94C2-BC3C9C1108C9}.Debug|x86.ActiveCfg = Debug|Win32
		{DC2AAE7B-2F79-42FC-94C2-BC3C9C1108C9}.Debug|x86.Build.0 = Debug|Win32
		{DC2AAE7B-2F79-42FC-94C2-BC3C9C1108C9}.Release|Any CPU.ActiveCfg = Release|Win32
		{DC2AAE7B-2F79-42FC-94C2-BC3C9C1108C9}.Release|x64.ActiveCfg = Release|x64
		{DC2AAE7B-2F79-42FC-94C2-BC3C9C1108C9}.Release|x64.Build.0 = Release|x64
		{DC2AAE7B-2F79-42FC-94C2-BC3C9C1108C9}.Release|x86.ActiveCfg = Release|Win32
		{DC2AAE7B-2F79-42FC-94C2-BC3C9C1108C9}.Release|x86.Build.0 = Release|Win32
		{0E175DE3-2831-4928-8447-F59EC90B7206}.Debug|Any CPU.ActiveCfg = Debug|Win32
		{0E175DE3-2831-4928-8447-F59EC90B7206}.Debug|x64.ActiveCfg = Debug|x64
		{0E175DE3-2831-4928-8447-F59EC90B7206}.Debug|x64.Build.0 = Debug|x64
		{0E175DE3-2831-4928-8447-F59EC90B7206}.Debug|x86.ActiveCfg = Debug|Win32
		{0E175DE3-2831-4928-8447-F59EC90B7206}.Debug|x86.Build.0 = Debug|Win32
		{0E175DE3-2831-4928-8447-F59EC90B7206}.Release|Any CPU.ActiveCfg = Release|Win32
		{0E175DE3-2831-4928-8447-F59EC90B7206}.Release|x64.ActiveCfg = Release|x64
		{0E175DE3-2831-4928-8447-F59EC90B7206}.Release|x64.Build.0 = Release|x64
		{0E175DE3-2831-4928-8447-F59EC90B7206}.Release|x86.ActiveCfg = Release|Win32
		{0E175DE3-2831-4928-8447-F59EC90B7206}.Release|x86.Build.0 = Release|Win32
		{001A89A1-70D7-4A9B-A7B2-82D0BE1BA07C}.Debug|Any CPU.ActiveCfg = Debug|Win32
		{001A89A1-70D7-4A9B-A7B2-82D0BE1BA07C}.Debug|x64.ActiveCfg = Debug|x64
		{001A89A1-70D7-4A9B-A7B2-82D0BE1BA07C}.Debug|x64.Build.0 = Debug|x64
		{001A89A1-70D7-4A9B-A7B2-82D0BE1BA07C}.Debug|x86.ActiveCfg = Debug|Win32
		{001A89A1-70D7-4A9B-A7B2-82D0BE1BA07C}.Debug|x86.Build.0 = Debug|Win32
		{001A89A1-70D7-4A9B-A7B2-82D0BE1BA07C}.Release|Any CPU.ActiveCfg = Release|Win32
		{001A89A1-70D7-4A9B-A7B2-82D0BE1BA07C}.Release|x64.ActiveCfg = Release|x64
		{001A89A1-70D7-4A9B-A7B2-82D0BE1BA07C}.Release|x64.Build.0 = Release|x64
		{001A89A1-70D7-4A9B-A7B2-82D0BE1BA07C}.Release|x86.ActiveCfg = Release|Win32
		{001A89A1-70D7-4A9B-A7B2-82D0BE1BA07C}.Release|x86.Build.0 = Release|Win32
		{AC97BFDA-E884-484D-A2C7-CF8414AEE5CF}.Debug|Any CPU.ActiveCfg = Debug|Win32
		{AC97BFDA-E884-484D-A2C7-CF8414AEE5CF}.Debug|x64.ActiveCfg = Debug|x64
		{AC97BFDA-E884-484D-A2C7-CF8414AEE5CF}.Debug|x64.Build.0 = Debug|x64
		{AC97BFDA-E884-484D-A2C7-CF8414AEE5CF}.Debug|x86.ActiveCfg = Debug|Win32
		{AC97BFDA-E884-484D-A2C7-CF8414AEE5CF}.Debug|x86.Build.0 = Debug|Win32
		{AC97BFDA-E884-484D-A2C7-CF8414AEE5CF}.Release|Any CPU.ActiveCfg = Release|Win32
		{AC97BFDA-E884-484D-A2C7-CF8414AEE5CF}.Release|x64.ActiveCfg = Release|x64
		{AC97BFDA-E884-484D-A2C7-CF8414AEE5CF}.Release|x64.Build.0 = Release|x64
		{AC97BFDA-E884-484D-A2C7-CF8414AEE5CF}.Release|x86.ActiveCfg = Release|Win32
		{AC97BFDA-E884-484D-A2C7-CF8414AEE5CF}.Release|x86.Build.0 = Release|Win32
		{BE84A8C2-79EA-49A5-AB37-23250E0631B6}.Debug|Any CPU.ActiveCfg = Debug|Win32
		{BE84A8C2-79EA-49A5-AB37-23250E0631B6}.Debug|x64.ActiveCfg = Debug|x64
		{BE84A8C2-79EA-49A5-AB37-23250E0631B6}.Debug|x64.Build.0 = Debug|x64
		{BE84A8C2-79EA-49A5-AB37-23250E0631B6}.Debug|x86.ActiveCfg = Debug|Win32
		{BE84A8C2-79EA-49A5-AB37-23250E0631B6}.Debug|x86.Build.0 = Debug|Win32
		{BE84A8C2-79EA-49A5-AB37-23250E0631B6}.Release|Any CPU.ActiveCfg = Release|Win32
		{BE84A8C2-79EA-49A5-AB37-23250E0631B6}.Release|x64.ActiveCfg = Release|x64
		{BE84A8C2-79EA-49A5-AB37-23250E0631B6}.Release|x64.Build.0 = Release|x64
		{BE84A8C2-79EA-49A5-AB37-23250E0631B6}.Release|x86.ActiveCfg = Release|Win32
		{BE84A8C2-79EA-49A5-AB37-23250E0631B6}.Release|x86.Build.0 = Release|Win32
		{48E1C02C-D6CD-45D6-82C2-9ADECC0596D4}.Debug|Any CPU.ActiveCfg = Debug|Win32
		{48E1C02C-D6CD-45D6-82C2-9ADECC0596D4}.Debug|x64.ActiveCfg = Debug|x64
		{48E1C02C-D6CD-45D6-82C2-9ADECC0596D4}.Debug|x64.Build.0 = Debug|x64
		{48E1C02C-D6CD-45D6-82C2-9ADECC0596D4}.Debug|x86.ActiveCfg = Debug|Win32
		{48E1C02C-D6CD-45D6-82C2-9ADECC0596D4}.Debug|x86.Build.0 = Debug|Win32
		{48E1C02C-D6CD-45D6-82C2-9ADECC0596D4}.Release|Any CPU.ActiveCfg = Release|Win32
		{48E1C02C-D6CD-45D6-82C2-9ADECC0596D4}.Release|x64.ActiveCfg = Release|x64
		{48E1C02C-D6CD-45D6-82C2-9ADECC0596D4}.Release|x64.Build.0 = Release|x64
		{48E1C02C-D6CD-45D6-82C2-9ADECC0596D4}.Release|x86.ActiveCfg = Release|Win32
		{48E1C02C-D6CD-45D6-82C2-9ADECC0596D4}.Release|x86.Build.0 = Release|Win32
		{5CD2BAA7-91FE-4A63-80CF-7B25C5597C0F}.Debug|Any CPU.ActiveCfg = Debug|Win32
		{5CD2BAA7-91FE-4A63-80CF-7B25C5597C0F}.Debug|x64.ActiveCfg = Debug|x64
		{5CD2BAA7-91FE-4A63-80CF-7B25C5597C0F}.Debug|x64.Build.0 = Debug|x64
		{5CD2BAA7-91FE-4A63-80CF-7B25C5597C0F}.Debug|x86.ActiveCfg = Debug|Win32
		{5CD2BAA7-91FE-4A63-80CF-7B25C5597C0F}.Debug|x86.Build.0 = Debug|Win32
		{5CD2BAA7-91FE-4A63-80CF-7B25C5597C0F}.Release|Any CPU.ActiveCfg = Release|Win32
		{5CD2BAA7-91FE-4A63-80CF-7B25C5597C0F}.Release|x64.ActiveCfg = Release|x64
		{5CD2BAA7-91FE-4A63-80CF-7B25C5597C0F}.Release|x64.Build.0 = Release|x64
		{5CD2BAA7-91FE-4A63-80CF-7B25C5597C0F}.Release|x86.ActiveCfg = Release|Win32
		{5CD2BAA7-91FE-4A63-80CF-7B25C5597C0F}.Release|x86.Build.0 = Release|Win32
		{E9ADAA2B-1CCB-4111-9AC3-BDDB3DC114F2}.Debug|Any CPU.ActiveCfg = Debug|Win32
		{E9ADAA2B-1CCB-4111-9AC3-BDDB3DC114F2}.Debug|x64.ActiveCfg = Debug|x64
		{E9ADAA2B-1CCB-4111-9AC3-BDDB3DC114F2}.Debug|x64.Build.0 = Debug|x64
		{E9ADAA2B-1CCB-4111-9AC3-BDDB3DC114F2}.Debug|x86.ActiveCfg = Debug|Win32
		{E9ADAA2B-1CCB-4111-9AC3-BDDB3DC114F2}.Debug|x86.Build.0 = Debug|Win32
		{E9ADAA2B-1CCB-4111-9AC3-BDDB3DC114F2}.Release|Any CPU.ActiveCfg = Release|Win32
		{E9ADAA2B-1CCB-4111-9AC3-BDDB3DC114F2}.Release|x64.ActiveCfg = Release|x64
		{E9ADAA2B-1CCB-4111-9AC3-BDDB3DC114F2}.Release|x64.Build.0 = Release|x64
		{E9ADAA2B-1CCB-4111-9AC3-BDDB3DC114F2}.Release|x86.ActiveCfg = Release|Win32
		{E9ADAA2B-1CCB-4111-9AC3-BDDB3DC114F2}.Release|x86.Build.0 = Release|Win32
		{4A30BDB2-7A3A-4436-B227-AE24A517A59A}.Debug|Any CPU.ActiveCfg = Debug|Win32
		{4A30BDB2-7A3A-4436-B227-AE24A517A59A}.Debug|x64.ActiveCfg = Debug|x64
		{4A30BDB2-7A3A-4436-B227-AE24A517A59A}.Debug|x64.Build.0 = Debug|x64
		{4A30BDB2-7A3A-4436-B227-AE24A517A59A}.Debug|x86.ActiveCfg = Debug|Win32
		{4A30BDB2-7A3A-4436-B227-AE24A517A59A}.Debug|x86.Build.0 = Debug|Win32
		{4A30BDB2-7A3A-4436-B227-AE24A517A59A}.Release|Any CPU.ActiveCfg = Release|Win32
		{4A30BDB2-7A3A-4436-B227-AE24A517A59A}.Release|x64.ActiveCfg = Release|x64
		{4A30BDB2-7A3A-4436-B227-AE24A517A59A}.Release|x64.Build.0 = Release|x64
		{4A30BDB2-7A3A-4436-B227-AE24A517A59A}.Release|x86.ActiveCfg = Release|Win32
		{4A30BDB2-7A3A-4436-B227-AE24A517A59A}.Release|x86.Build.0 = Release|Win32
		{ED7D58EA-14CF-4767-BD8F-724866C99909}.Debug|Any CPU.ActiveCfg = Debug|Win32
		{ED7D58EA-14CF-4767-BD8F-724866C99909}.Debug|x64.ActiveCfg = Debug|x64
		{ED7D58EA-14CF-4767-BD8F-724866C99909}.Debug|x64.Build.0 = Debug|x64
		{ED7D58EA-14CF-4767-BD8F-724866C99909}.Debug|x86.ActiveCfg = Debug|Win32
		{ED7D58EA-14CF-4767-BD8F-724866C99909}.Debug|x86.Build.0 = Debug|Win32
		{ED7D58EA-14CF-4767-BD8F-724866C99909}.Release|Any CPU.ActiveCfg = Release|Win32
		{ED7D58EA-14CF-4767-BD8F-724866C99909}.Release|x64.ActiveCfg = Release|x64
		{ED7D58EA-14CF-4767-BD8F-724866C99909}.Release|x64.Build.0 = Release|x64
		{ED7D58EA-14CF-4767-BD8F-724866C99909}.Release|x86.ActiveCfg = Release|Win32
		{ED7D58EA-14CF-4767-BD8F-724866C99909}.Release|x86.Build.0 = Release|Win32
		{E3F399CF-2D32-49A8-B536-EA7FAD14483F}.Debug|Any CPU.ActiveCfg = Debug|Win32
		{E3F399CF-2D32-49A8-B536-EA7FAD14483F}.Debug|x64.ActiveCfg = Debug|x64
		{E3F399CF-2D32-49A8-B536-EA7FAD14483F}.Debug|x64.Build.0 = Debug|x64
		{E3F399CF-2D32-49A8-B536-EA7FAD14483F}.Debug|x86.ActiveCfg = Debug|Win32
		{E3F399CF-2D32-49A8-B536-EA7FAD14483F}.Debug|x86.Build.0 = Debug|Win32
		{E3F399CF-2D32-49A8-B536-EA7FAD14483F}.Release|Any CPU.ActiveCfg = Release|Win32
		{E3F399CF-2D32-49A8-B536-EA7FAD14483F}.Release|x64.ActiveCfg = Release|x64
		{E3F399CF-2D32-49A8-B536-EA7FAD14483F}.Release|x64.Build.0 = Release|x64
		{E3F399CF-2D32-49A8-B536-EA7FAD14483F}.Release|x86.ActiveCfg = Release|Win32
		{E3F399CF-2D32-49A8-B536-EA7FAD14483F}.Release|x86.Build.0 = Release|Win32
		{540CECC0-F1D9-4D06-B158-BDA1F215A072}.Debug|Any CPU.ActiveCfg = Debug|Any CPU
		{540CECC0-F1D9-4D06-B158-BDA1F215A072}.Debug|Any CPU.Build.0 = Debug|Any CPU
		{540CECC0-F1D9-4D06-B158-BDA1F215A072}.Debug|x64.ActiveCfg = Debug|Any CPU
		{540CECC0-F1D9-4D06-B158-BDA1F215A072}.Debug|x64.Build.0 = Debug|Any CPU
		{540CECC0-F1D9-4D06-B158-BDA1F215A072}.Debug|x86.ActiveCfg = Debug|Any CPU
		{540CECC0-F1D9-4D06-B158-BDA1F215A072}.Debug|x86.Build.0 = Debug|Any CPU
		{540CECC0-F1D9-4D06-B158-BDA1F215A072}.Release|Any CPU.ActiveCfg = Release|Any CPU
		{540CECC0-F1D9-4D06-B158-BDA1F215A072}.Release|Any CPU.Build.0 = Release|Any CPU
		{540CECC0-F1D9-4D06-B158-BDA1F215A072}.Release|x64.ActiveCfg = Release|Any CPU
		{540CECC0-F1D9-4D06-B158-BDA1F215A072}.Release|x64.Build.0 = Release|Any CPU
		{540CECC0-F1D9-4D06-B158-BDA1F215A072}.Release|x86.ActiveCfg = Release|Any CPU
		{540CECC0-F1D9-4D06-B158-BDA1F215A072}.Release|x86.Build.0 = Release|Any CPU
		{425D08BD-D784-4C63-8855-1F33974161EA}.Debug|Any CPU.ActiveCfg = Debug|Win32
		{425D08BD-D784-4C63-8855-1F33974161EA}.Debug|x64.ActiveCfg = Debug|x64
		{425D08BD-D784-4C63-8855-1F33974161EA}.Debug|x64.Build.0 = Debug|x64
		{425D08BD-D784-4C63-8855-1F33974161EA}.Debug|x86.ActiveCfg = Debug|Win32
		{425D08BD-D784-4C63-8855-1F33974161EA}.Debug|x86.Build.0 = Debug|Win32
		{425D08BD-D784-4C63-8855-1F33974161EA}.Release|Any CPU.ActiveCfg = Release|Win32
		{425D08BD-D784-4C63-8855-1F33974161EA}.Release|x64.ActiveCfg = Release|x64
		{425D08BD-D784-4C63-8855-1F33974161EA}.Release|x64.Build.0 = Release|x64
		{425D08BD-D784-4C63-8855-1F33974161EA}.Release|x86.ActiveCfg = Release|Win32
		{425D08BD-D784-4C63-8855-1F33974161EA}.Release|x86.Build.0 = Release|Win32
		{7A3CEF4A-18E6-404B-B5EA-8D2A8D336331}.Debug|Any CPU.ActiveCfg = Debug|Win32
		{7A3CEF4A-18E6-404B-B5EA-8D2A8D336331}.Debug|x64.ActiveCfg = Debug|x64
		{7A3CEF4A-18E6-404B-B5EA-8D2A8D336331}.Debug|x64.Build.0 = Debug|x64
		{7A3CEF4A-18E6-404B-B5EA-8D2A8D336331}.Debug|x86.ActiveCfg = Debug|Win32
		{7A3CEF4A-18E6-404B-B5EA-8D2A8D336331}.Debug|x86.Build.0 = Debug|Win32
		{7A3CEF4A-18E6-404B-B5EA-8D2A8D336331}.Release|Any CPU.ActiveCfg = Release|Win32
		{7A3CEF4A-18E6-404B-B5EA-8D2A8D336331}.Release|x64.ActiveCfg = Release|x64
		{7A3CEF4A-18E6-404B-B5EA-8D2A8D336331}.Release|x64.Build.0 = Release|x64
		{7A3CEF4A-18E6-404B-B5EA-8D2A8D336331}.Release|x86.ActiveCfg = Release|Win32
		{7A3CEF4A-18E6-404B-B5EA-8D2A8D336331}.Release|x86.Build.0 = Release|Win32
		{F3386CB2-5B6E-48CF-B26C-CAC97A238941}.Debug|Any CPU.ActiveCfg = Debug|Win32
		{F3386CB2-5B6E-48CF-B26C-CAC97A238941}.Debug|x64.ActiveCfg = Debug|x64
		{F3386CB2-5B6E-48CF-B26C-CAC97A238941}.Debug|x64.Build.0 = Debug|x64
		{F3386CB2-5B6E-48CF-B26C-CAC97A238941}.Debug|x86.ActiveCfg = Debug|Win32
		{F3386CB2-5B6E-48CF-B26C-CAC97A238941}.Debug|x86.Build.0 = Debug|Win32
		{F3386CB2-5B6E-48CF-B26C-CAC97A238941}.Release|Any CPU.ActiveCfg = Release|Win32
		{F3386CB2-5B6E-48CF-B26C-CAC97A238941}.Release|x64.ActiveCfg = Release|x64
		{F3386CB2-5B6E-48CF-B26C-CAC97A238941}.Release|x64.Build.0 = Release|x64
		{F3386CB2-5B6E-48CF-B26C-CAC97A238941}.Release|x86.ActiveCfg = Release|Win32
		{F3386CB2-5B6E-48CF-B26C-CAC97A238941}.Release|x86.Build.0 = Release|Win32
		{C1D53247-D933-4F39-9B56-09909F6A1C27}.Debug|Any CPU.ActiveCfg = Debug|Win32
		{C1D53247-D933-4F39-9B56-09909F6A1C27}.Debug|x64.ActiveCfg = Debug|x64
		{C1D53247-D933-4F39-9B56-09909F6A1C27}.Debug|x64.Build.0 = Debug|x64
		{C1D53247-D933-4F39-9B56-09909F6A1C27}.Debug|x86.ActiveCfg = Debug|Win32
		{C1D53247-D933-4F39-9B56-09909F6A1C27}.Debug|x86.Build.0 = Debug|Win32
		{C1D53247-D933-4F39-9B56-09909F6A1C27}.Release|Any CPU.ActiveCfg = Release|Win32
		{C1D53247-D933-4F39-9B56-09909F6A1C27}.Release|x64.ActiveCfg = Release|x64
		{C1D53247-D933-4F39-9B56-09909F6A1C27}.Release|x64.Build.0 = Release|x64
		{C1D53247-D933-4F39-9B56-09909F6A1C27}.Release|x86.ActiveCfg = Release|Win32
		{C1D53247-D933-4F39-9B56-09909F6A1C27}.Release|x86.Build.0 = Release|Win32
		{FEECE5A0-B699-4DAC-BCA9-E95AE0276B66}.Debug|Any CPU.ActiveCfg = Debug|Win32
		{FEECE5A0-B699-4DAC-BCA9-E95AE0276B66}.Debug|x64.ActiveCfg = Debug|x64
		{FEECE5A0-B699-4DAC-BCA9-E95AE0276B66}.Debug|x64.Build.0 = Debug|x64
		{FEECE5A0-B699-4DAC-BCA9-E95AE0276B66}.Debug|x86.ActiveCfg = Debug|Win32
		{FEECE5A0-B699-4DAC-BCA9-E95AE0276B66}.Debug|x86.Build.0 = Debug|Win32
		{FEECE5A0-B699-4DAC-BCA9-E95AE0276B66}.Release|Any CPU.ActiveCfg = Release|Win32
		{FEECE5A0-B699-4DAC-BCA9-E95AE0276B66}.Release|x64.ActiveCfg = Release|x64
		{FEECE5A0-B699-4DAC-BCA9-E95AE0276B66}.Release|x64.Build.0 = Release|x64
		{FEECE5A0-B699-4DAC-BCA9-E95AE0276B66}.Release|x86.ActiveCfg = Release|Win32
		{FEECE5A0-B699-4DAC-BCA9-E95AE0276B66}.Release|x86.Build.0 = Release|Win32
		{DCD588F8-7058-442F-9F51-BCE059FAAD80}.Debug|Any CPU.ActiveCfg = Debug|Win32
		{DCD588F8-7058-442F-9F51-BCE059FAAD80}.Debug|x64.ActiveCfg = Debug|x64
		{DCD588F8-7058-442F-9F51-BCE059FAAD80}.Debug|x64.Build.0 = Debug|x64
		{DCD588F8-7058-442F-9F51-BCE059FAAD80}.Debug|x86.ActiveCfg = Debug|Win32
		{DCD588F8-7058-442F-9F51-BCE059FAAD80}.Debug|x86.Build.0 = Debug|Win32
		{DCD588F8-7058-442F-9F51-BCE059FAAD80}.Release|Any CPU.ActiveCfg = Release|Win32
		{DCD588F8-7058-442F-9F51-BCE059FAAD80}.Release|x64.ActiveCfg = Release|x64
		{DCD588F8-7058-442F-9F51-BCE059FAAD80}.Release|x64.Build.0 = Release|x64
		{DCD588F8-7058-442F-9F51-BCE059FAAD80}.Release|x86.ActiveCfg = Release|Win32
		{DCD588F8-7058-442F-9F51-BCE059FAAD80}.Release|x86.Build.0 = Release|Win32
		{5F50C5DA-8183-40D3-A78B-6462EE958593}.Debug|Any CPU.ActiveCfg = Debug|Win32
		{5F50C5DA-8183-40D3-A78B-6462EE958593}.Debug|x64.ActiveCfg = Debug|x64
		{5F50C5DA-8183-40D3-A78B-6462EE958593}.Debug|x64.Build.0 = Debug|x64
		{5F50C5DA-8183-40D3-A78B-6462EE958593}.Debug|x86.ActiveCfg = Debug|Win32
		{5F50C5DA-8183-40D3-A78B-6462EE958593}.Debug|x86.Build.0 = Debug|Win32
		{5F50C5DA-8183-40D3-A78B-6462EE958593}.Release|Any CPU.ActiveCfg = Release|Win32
		{5F50C5DA-8183-40D3-A78B-6462EE958593}.Release|x64.ActiveCfg = Release|x64
		{5F50C5DA-8183-40D3-A78B-6462EE958593}.Release|x64.Build.0 = Release|x64
		{5F50C5DA-8183-40D3-A78B-6462EE958593}.Release|x86.ActiveCfg = Release|Win32
		{5F50C5DA-8183-40D3-A78B-6462EE958593}.Release|x86.Build.0 = Release|Win32
		{45466523-6B2D-4066-8133-F96618D3B407}.Debug|Any CPU.ActiveCfg = Debug|Win32
		{45466523-6B2D-4066-8133-F96618D3B407}.Debug|x64.ActiveCfg = Debug|x64
		{45466523-6B2D-4066-8133-F96618D3B407}.Debug|x64.Build.0 = Debug|x64
		{45466523-6B2D-4066-8133-F96618D3B407}.Debug|x86.ActiveCfg = Debug|Win32
		{45466523-6B2D-4066-8133-F96618D3B407}.Debug|x86.Build.0 = Debug|Win32
		{45466523-6B2D-4066-8133-F96618D3B407}.Release|Any CPU.ActiveCfg = Release|Win32
		{45466523-6B2D-4066-8133-F96618D3B407}.Release|x64.ActiveCfg = Release|x64
		{45466523-6B2D-4066-8133-F96618D3B407}.Release|x64.Build.0 = Release|x64
		{45466523-6B2D-4066-8133-F96618D3B407}.Release|x86.ActiveCfg = Release|Win32
		{45466523-6B2D-4066-8133-F96618D3B407}.Release|x86.Build.0 = Release|Win32
		{B2408E62-DA0A-4F39-8257-B9C33D09BD03}.Debug|Any CPU.ActiveCfg = Debug|Win32
		{B2408E62-DA0A-4F39-8257-B9C33D09BD03}.Debug|x64.ActiveCfg = Debug|x64
		{B2408E62-DA0A-4F39-8257-B9C33D09BD03}.Debug|x64.Build.0 = Debug|x64
		{B2408E62-DA0A-4F39-8257-B9C33D09BD03}.Debug|x86.ActiveCfg = Debug|Win32
		{B2408E62-DA0A-4F39-8257-B9C33D09BD03}.Debug|x86.Build.0 = Debug|Win32
		{B2408E62-DA0A-4F39-8257-B9C33D09BD03}.Release|Any CPU.ActiveCfg = Release|Win32
		{B2408E62-DA0A-4F39-8257-B9C33D09BD03}.Release|x64.ActiveCfg = Release|x64
		{B2408E62-DA0A-4F39-8257-B9C33D09BD03}.Release|x64.Build.0 = Release|x64
		{B2408E62-DA0A-4F39-8257-B9C33D09BD03}.Release|x86.ActiveCfg = Release|Win32
		{B2408E62-DA0A-4F39-8257-B9C33D09BD03}.Release|x86.Build.0 = Release|Win32
		{2DE2394B-593B-47A9-9C4D-5F670FF7A5DA}.Debug|Any CPU.ActiveCfg = Debug|Any CPU
		{2DE2394B-593B-47A9-9C4D-5F670FF7A5DA}.Debug|Any CPU.Build.0 = Debug|Any CPU
		{2DE2394B-593B-47A9-9C4D-5F670FF7A5DA}.Debug|x64.ActiveCfg = Debug|Any CPU
		{2DE2394B-593B-47A9-9C4D-5F670FF7A5DA}.Debug|x64.Build.0 = Debug|Any CPU
		{2DE2394B-593B-47A9-9C4D-5F670FF7A5DA}.Debug|x86.ActiveCfg = Debug|Any CPU
		{2DE2394B-593B-47A9-9C4D-5F670FF7A5DA}.Debug|x86.Build.0 = Debug|Any CPU
		{2DE2394B-593B-47A9-9C4D-5F670FF7A5DA}.Release|Any CPU.ActiveCfg = Release|Any CPU
		{2DE2394B-593B-47A9-9C4D-5F670FF7A5DA}.Release|Any CPU.Build.0 = Release|Any CPU
		{2DE2394B-593B-47A9-9C4D-5F670FF7A5DA}.Release|x64.ActiveCfg = Release|Any CPU
		{2DE2394B-593B-47A9-9C4D-5F670FF7A5DA}.Release|x64.Build.0 = Release|Any CPU
		{2DE2394B-593B-47A9-9C4D-5F670FF7A5DA}.Release|x86.ActiveCfg = Release|Any CPU
		{2DE2394B-593B-47A9-9C4D-5F670FF7A5DA}.Release|x86.Build.0 = Release|Any CPU
	EndGlobalSection
	GlobalSection(SolutionProperties) = preSolution
		HideSolutionNode = FALSE
	EndGlobalSection
	GlobalSection(NestedProjects) = preSolution
		{0E175DE3-2831-4928-8447-F59EC90B7206} = {E41E8604-02A0-4157-B07C-A95EAE5AF5D6}
		{AC97BFDA-E884-484D-A2C7-CF8414AEE5CF} = {F8045E65-B7D1-4D95-8612-684070C5B511}
		{48E1C02C-D6CD-45D6-82C2-9ADECC0596D4} = {F8045E65-B7D1-4D95-8612-684070C5B511}
		{5CD2BAA7-91FE-4A63-80CF-7B25C5597C0F} = {F8045E65-B7D1-4D95-8612-684070C5B511}
		{4A30BDB2-7A3A-4436-B227-AE24A517A59A} = {F8045E65-B7D1-4D95-8612-684070C5B511}
		{ED7D58EA-14CF-4767-BD8F-724866C99909} = {F8045E65-B7D1-4D95-8612-684070C5B511}
		{540CECC0-F1D9-4D06-B158-BDA1F215A072} = {8B098C8C-8641-40CA-8276-2B13C513DEF9}
		{DCD588F8-7058-442F-9F51-BCE059FAAD80} = {F8045E65-B7D1-4D95-8612-684070C5B511}
		{5F50C5DA-8183-40D3-A78B-6462EE958593} = {F8045E65-B7D1-4D95-8612-684070C5B511}
		{45466523-6B2D-4066-8133-F96618D3B407} = {8B098C8C-8641-40CA-8276-2B13C513DEF9}
		{2DE2394B-593B-47A9-9C4D-5F670FF7A5DA} = {8B098C8C-8641-40CA-8276-2B13C513DEF9}
	EndGlobalSection
EndGlobal
