<?xml version="1.0" encoding="utf-8"?>
<Project ToolsVersion="4.0" xmlns="http://schemas.microsoft.com/developer/msbuild/2003">
  <ItemGroup>
    <Filter Include="源文件">
      <UniqueIdentifier>{4FC737F1-C7A5-4376-A066-2A32D752A2FF}</UniqueIdentifier>
      <Extensions>cpp;c;cc;cxx;def;odl;idl;hpj;bat;asm;asmx</Extensions>
    </Filter>
    <Filter Include="头文件">
      <UniqueIdentifier>{93995380-89BD-4b04-88EB-625FBE52EBFB}</UniqueIdentifier>
      <Extensions>h;hh;hpp;hxx;hm;inl;inc;xsd</Extensions>
    </Filter>
    <Filter Include="资源文件">
      <UniqueIdentifier>{67DA6AB6-F800-4c08-8B7A-83BB121AAD01}</UniqueIdentifier>
      <Extensions>rc;ico;cur;bmp;dlg;rc2;rct;bin;rgs;gif;jpg;jpeg;jpe;resx;tiff;tif;png;wav;mfcribbon-ms</Extensions>
    </Filter>
  </ItemGroup>
  <ItemGroup>
    <ClCompile Include="TestingLoginHandler.cpp">
      <Filter>源文件</Filter>
    </ClCompile>
    <ClCompile Include="TestingMessageServiceFactory.cpp">
      <Filter>源文件</Filter>
    </ClCompile>
    <ClCompile Include="TestingSubMarketDataHandler.cpp">
      <Filter>源文件</Filter>
    </ClCompile>
    <ClCompile Include="TestingUnsubMarketDataHandler.cpp">
      <Filter>源文件</Filter>
    </ClCompile>
    <ClCompile Include="TestingServerMessageProcessor.cpp">
      <Filter>源文件</Filter>
    </ClCompile>
    <ClCompile Include="TestingServerExport.cpp">
      <Filter>源文件</Filter>
    </ClCompile>
    <ClCompile Include="TestingReturnMarketDataHandler.cpp">
      <Filter>源文件</Filter>
    </ClCompile>
    <ClCompile Include="TestingCreateOrderHandler.cpp">
      <Filter>源文件</Filter>
    </ClCompile>
    <ClCompile Include="TestingCancelOrderHandler.cpp">
      <Filter>源文件</Filter>
    </ClCompile>
    <ClCompile Include="TestingPositionHandler.cpp">
      <Filter>源文件</Filter>
    </ClCompile>
    <ClCompile Include="TestingAccountInfoHandler.cpp">
      <Filter>源文件</Filter>
    </ClCompile>
    <ClCompile Include="TestingQueryInstruments.cpp">
      <Filter>源文件</Filter>
    </ClCompile>
    <ClCompile Include="TestingWorkProcessor.cpp">
      <Filter>源文件</Filter>
    </ClCompile>
    <ClCompile Include="TestingQueryOrder.cpp">
      <Filter>源文件</Filter>
    </ClCompile>
    <ClCompile Include="TestingQueryTrade.cpp">
      <Filter>源文件</Filter>
    </ClCompile>
  </ItemGroup>
  <ItemGroup>
    <ClInclude Include="TestingLoginHandler.h">
      <Filter>头文件</Filter>
    </ClInclude>
    <ClInclude Include="TestingMessageServiceFactory.h">
      <Filter>头文件</Filter>
    </ClInclude>
    <ClInclude Include="TestingServerMessageProcessor.h">
      <Filter>头文件</Filter>
    </ClInclude>
    <ClInclude Include="TestingSubMarketDataHandler.h">
      <Filter>头文件</Filter>
    </ClInclude>
    <ClInclude Include="TestingUnsubMarketDataHandler.h">
      <Filter>头文件</Filter>
    </ClInclude>
    <ClInclude Include="TestingServerExport.h">
      <Filter>头文件</Filter>
    </ClInclude>
    <ClInclude Include="TestingReturnMarketDataHandler.h">
      <Filter>头文件</Filter>
    </ClInclude>
    <ClInclude Include="TestingCreateOrderHandler.h">
      <Filter>头文件</Filter>
    </ClInclude>
    <ClInclude Include="TestingCancelOrderHandler.h">
      <Filter>头文件</Filter>
    </ClInclude>
    <ClInclude Include="TestingPositionHandler.h">
      <Filter>头文件</Filter>
    </ClInclude>
    <ClInclude Include="TestingAccountInfoHandler.h">
      <Filter>头文件</Filter>
    </ClInclude>
    <ClInclude Include="TestingQueryInstruments.h">
      <Filter>头文件</Filter>
    </ClInclude>
    <ClInclude Include="TestingWorkProcessor.h">
      <Filter>头文件</Filter>
    </ClInclude>
    <ClInclude Include="TestingQueryOrder.h">
      <Filter>头文件</Filter>
    </ClInclude>
    <ClInclude Include="TestingQueryTrade.h">
      <Filter>头文件</Filter>
    </ClInclude>
  </ItemGroup>
</Project>