<?xml version="1.0" encoding="utf-8"?>
<Project ToolsVersion="4.0" xmlns="http://schemas.microsoft.com/developer/msbuild/2003">
  <ItemGroup>
    <Filter Include="源文件">
      <UniqueIdentifier>{4FC737F1-C7A5-4376-A066-2A32D752A2FF}</UniqueIdentifier>
      <Extensions>cpp;c;cc;cxx;def;odl;idl;hpj;bat;asm;asmx</Extensions>
    </Filter>
    <Filter Include="头文件">
      <UniqueIdentifier>{93995380-89BD-4b04-88EB-625FBE52EBFB}</UniqueIdentifier>
      <Extensions>h;hh;hpp;hxx;hm;inl;inc;xsd</Extensions>
    </Filter>
    <Filter Include="资源文件">
      <UniqueIdentifier>{67DA6AB6-F800-4c08-8B7A-83BB121AAD01}</UniqueIdentifier>
      <Extensions>rc;ico;cur;bmp;dlg;rc2;rct;bin;rgs;gif;jpg;jpeg;jpe;resx;tiff;tif;png;wav;mfcribbon-ms</Extensions>
    </Filter>
  </ItemGroup>
  <ItemGroup>
    <ClCompile Include="CTPOTCClientServiceFactory.cpp">
      <Filter>源文件</Filter>
    </ClCompile>
    <ClCompile Include="CTPOTCDepthMarketData.cpp">
      <Filter>源文件</Filter>
    </ClCompile>
    <ClCompile Include="CTPOTCLogin.cpp">
      <Filter>源文件</Filter>
    </ClCompile>
    <ClCompile Include="CTPOTCQueryContractParam.cpp">
      <Filter>源文件</Filter>
    </ClCompile>
    <ClCompile Include="CTPOTCQueryStrategy.cpp">
      <Filter>源文件</Filter>
    </ClCompile>
    <ClCompile Include="CTPOTCQueryTradingDesks.cpp">
      <Filter>源文件</Filter>
    </ClCompile>
    <ClCompile Include="CTPOTCReturnPricingData.cpp">
      <Filter>源文件</Filter>
    </ClCompile>
    <ClCompile Include="CTPOTCSubMarketData.cpp">
      <Filter>源文件</Filter>
    </ClCompile>
    <ClCompile Include="CTPOTCTradingDeskLogin.cpp">
      <Filter>源文件</Filter>
    </ClCompile>
    <ClCompile Include="CTPOTCTradingDeskServiceFactory.cpp">
      <Filter>源文件</Filter>
    </ClCompile>
    <ClCompile Include="CTPOTCUpdateContractParam.cpp">
      <Filter>源文件</Filter>
    </ClCompile>
    <ClCompile Include="CTPOTCUpdateStrategy.cpp">
      <Filter>源文件</Filter>
    </ClCompile>
    <ClCompile Include="CTPOTCUpdateUserParam.cpp">
      <Filter>源文件</Filter>
    </ClCompile>
    <ClCompile Include="CTPOTCWorkerProcessor.cpp">
      <Filter>源文件</Filter>
    </ClCompile>
    <ClCompile Include="ctpotc_export.cpp">
      <Filter>源文件</Filter>
    </ClCompile>
    <ClCompile Include="CTPOTCCancelOrder.cpp">
      <Filter>源文件</Filter>
    </ClCompile>
    <ClCompile Include="CTPOTCNewOrder.cpp">
      <Filter>源文件</Filter>
    </ClCompile>
    <ClCompile Include="CTPOTCQueryOrder.cpp">
      <Filter>源文件</Filter>
    </ClCompile>
    <ClCompile Include="CTPOTCTradingDeskProcessor.cpp">
      <Filter>源文件</Filter>
    </ClCompile>
    <ClCompile Include="CTPOTCTradeProcessor.cpp">
      <Filter>源文件</Filter>
    </ClCompile>
    <ClCompile Include="TradingDeskContextBuilder.cpp">
      <Filter>源文件</Filter>
    </ClCompile>
    <ClCompile Include="CTPOTCUserContextBuilder.cpp">
      <Filter>源文件</Filter>
    </ClCompile>
    <ClCompile Include="CTPOCTUnSubMarketData.cpp">
      <Filter>源文件</Filter>
    </ClCompile>
  </ItemGroup>
  <ItemGroup>
    <ClInclude Include="CTPOTCClientServiceFactory.h">
      <Filter>头文件</Filter>
    </ClInclude>
    <ClInclude Include="CTPOTCDepthMarketData.h">
      <Filter>头文件</Filter>
    </ClInclude>
    <ClInclude Include="CTPOTCLogin.h">
      <Filter>头文件</Filter>
    </ClInclude>
    <ClInclude Include="CTPOTCQueryContractParam.h">
      <Filter>头文件</Filter>
    </ClInclude>
    <ClInclude Include="CTPOTCQueryStrategy.h">
      <Filter>头文件</Filter>
    </ClInclude>
    <ClInclude Include="CTPOTCQueryTradingDesks.h">
      <Filter>头文件</Filter>
    </ClInclude>
    <ClInclude Include="CTPOTCReturnPricingData.h">
      <Filter>头文件</Filter>
    </ClInclude>
    <ClInclude Include="CTPOTCSubMarketData.h">
      <Filter>头文件</Filter>
    </ClInclude>
    <ClInclude Include="CTPOTCTradingDeskLogin.h">
      <Filter>头文件</Filter>
    </ClInclude>
    <ClInclude Include="CTPOTCTradingDeskServiceFactory.h">
      <Filter>头文件</Filter>
    </ClInclude>
    <ClInclude Include="CTPOTCUpdateContractParam.h">
      <Filter>头文件</Filter>
    </ClInclude>
    <ClInclude Include="CTPOTCUpdateStrategy.h">
      <Filter>头文件</Filter>
    </ClInclude>
    <ClInclude Include="CTPOTCUpdateUserParam.h">
      <Filter>头文件</Filter>
    </ClInclude>
    <ClInclude Include="CTPOTCWorkerProcessor.h">
      <Filter>头文件</Filter>
    </ClInclude>
    <ClInclude Include="CTPWorkerProcessorID.h">
      <Filter>头文件</Filter>
    </ClInclude>
    <ClInclude Include="ctpotc_bizhandlers.h">
      <Filter>头文件</Filter>
    </ClInclude>
    <ClInclude Include="ctpotc_export.h">
      <Filter>头文件</Filter>
    </ClInclude>
    <ClInclude Include="CTPOTCCancelOrder.h">
      <Filter>头文件</Filter>
    </ClInclude>
    <ClInclude Include="CTPOTCNewOrder.h">
      <Filter>头文件</Filter>
    </ClInclude>
    <ClInclude Include="CTPOTCQueryOrder.h">
      <Filter>头文件</Filter>
    </ClInclude>
    <ClInclude Include="CTPOTCTradingDeskProcessor.h">
      <Filter>头文件</Filter>
    </ClInclude>
    <ClInclude Include="CTPOTCTradeProcessor.h">
      <Filter>头文件</Filter>
    </ClInclude>
    <ClInclude Include="TradingDeskContextBuilder.h">
      <Filter>头文件</Filter>
    </ClInclude>
    <ClInclude Include="CTPOTCUserContextBuilder.h">
      <Filter>头文件</Filter>
    </ClInclude>
    <ClInclude Include="CTPOCTUnSubMarketData.h">
      <Filter>头文件</Filter>
    </ClInclude>
    <ClInclude Include="resource.h">
      <Filter>头文件</Filter>
    </ClInclude>
  </ItemGroup>
  <ItemGroup>
    <None Include="ClassDiagram.cd" />
  </ItemGroup>
  <ItemGroup>
    <ResourceCompile Include="CTPOTCServer.rc">
      <Filter>资源文件</Filter>
    </ResourceCompile>
  </ItemGroup>
</Project>