<?xml version="1.0" encoding="utf-8"?>
<Project ToolsVersion="4.0" xmlns="http://schemas.microsoft.com/developer/msbuild/2003">
  <ItemGroup>
    <Filter Include="源文件">
      <UniqueIdentifier>{4FC737F1-C7A5-4376-A066-2A32D752A2FF}</UniqueIdentifier>
      <Extensions>cpp;c;cc;cxx;def;odl;idl;hpj;bat;asm;asmx</Extensions>
    </Filter>
    <Filter Include="头文件">
      <UniqueIdentifier>{93995380-89BD-4b04-88EB-625FBE52EBFB}</UniqueIdentifier>
      <Extensions>h;hh;hpp;hxx;hm;inl;inc;xsd</Extensions>
    </Filter>
    <Filter Include="资源文件">
      <UniqueIdentifier>{67DA6AB6-F800-4c08-8B7A-83BB121AAD01}</UniqueIdentifier>
      <Extensions>rc;ico;cur;bmp;dlg;rc2;rct;bin;rgs;gif;jpg;jpeg;jpe;resx;tiff;tif;png;wav;mfcribbon-ms</Extensions>
    </Filter>
    <Filter Include="config">
      <UniqueIdentifier>{d21e2edc-d1f0-47fc-99b6-75ff25d6326e}</UniqueIdentifier>
      <Extensions>cfg;</Extensions>
    </Filter>
    <Filter Include="config\json">
      <UniqueIdentifier>{c7ed24ef-4e72-4b51-b720-ff8e815de3e8}</UniqueIdentifier>
      <Extensions>json</Extensions>
    </Filter>
    <Filter Include="config\xml">
      <UniqueIdentifier>{e73cfaf1-0e63-4627-847d-e5a0c1b915e8}</UniqueIdentifier>
      <Extensions>cfg</Extensions>
    </Filter>
  </ItemGroup>
  <ItemGroup>
    <ClInclude Include="system_exp.h">
      <Filter>头文件</Filter>
    </ClInclude>
    <ClInclude Include="ISystem.h">
      <Filter>头文件</Filter>
    </ClInclude>
    <ClInclude Include="MicroFurtureSystem.h">
      <Filter>头文件</Filter>
    </ClInclude>
    <ClInclude Include="resource.h">
      <Filter>头文件</Filter>
    </ClInclude>
  </ItemGroup>
  <ItemGroup>
    <ClCompile Include="MicroFurtureSystem.cpp">
      <Filter>源文件</Filter>
    </ClCompile>
    <ClCompile Include="system_exp.cpp">
      <Filter>源文件</Filter>
    </ClCompile>
  </ItemGroup>
  <ItemGroup>
    <Xml Include="factory.xml">
      <Filter>config\xml</Filter>
    </Xml>
    <Xml Include="server.xml">
      <Filter>config\xml</Filter>
    </Xml>
    <Xml Include="service.xml">
      <Filter>config\xml</Filter>
    </Xml>
    <Xml Include="system.xml">
      <Filter>config\xml</Filter>
    </Xml>
  </ItemGroup>
  <ItemGroup>
    <ResourceCompile Include="mfsystem.rc">
      <Filter>资源文件</Filter>
    </ResourceCompile>
  </ItemGroup>
  <ItemGroup>
    <CustomBuild Include="factory.json">
      <Filter>config\json</Filter>
    </CustomBuild>
    <CustomBuild Include="server.json">
      <Filter>config\json</Filter>
    </CustomBuild>
    <CustomBuild Include="service.json">
      <Filter>config\json</Filter>
    </CustomBuild>
    <CustomBuild Include="system.json">
      <Filter>config\json</Filter>
    </CustomBuild>
    <CustomBuild Include="factory.ctp.json">
      <Filter>config\json</Filter>
    </CustomBuild>
    <CustomBuild Include="service.ctp.json">
      <Filter>config\json</Filter>
    </CustomBuild>
    <CustomBuild Include="system.ctp.json">
      <Filter>config\json</Filter>
    </CustomBuild>
    <CustomBuild Include="factory.etf.json">
      <Filter>config\json</Filter>
    </CustomBuild>
    <CustomBuild Include="server.etf.json">
      <Filter>config\json</Filter>
    </CustomBuild>
    <CustomBuild Include="service.etf.json">
      <Filter>config\json</Filter>
    </CustomBuild>
  </ItemGroup>
</Project>