<?xml version="1.0" encoding="utf-8"?>
<Project ToolsVersion="4.0" xmlns="http://schemas.microsoft.com/developer/msbuild/2003">
  <ItemGroup>
    <Filter Include="源文件">
      <UniqueIdentifier>{4FC737F1-C7A5-4376-A066-2A32D752A2FF}</UniqueIdentifier>
      <Extensions>cpp;c;cc;cxx;def;odl;idl;hpj;bat;asm;asmx</Extensions>
    </Filter>
    <Filter Include="头文件">
      <UniqueIdentifier>{93995380-89BD-4b04-88EB-625FBE52EBFB}</UniqueIdentifier>
      <Extensions>h;hh;hpp;hxx;hm;inl;inc;xsd</Extensions>
    </Filter>
    <Filter Include="资源文件">
      <UniqueIdentifier>{67DA6AB6-F800-4c08-8B7A-83BB121AAD01}</UniqueIdentifier>
      <Extensions>rc;ico;cur;bmp;dlg;rc2;rct;bin;rgs;gif;jpg;jpeg;jpe;resx;tiff;tif;png;wav;mfcribbon-ms</Extensions>
    </Filter>
  </ItemGroup>
  <ItemGroup>
    <ClInclude Include="DefMessageID.h">
      <Filter>头文件</Filter>
    </ClInclude>
    <ClInclude Include="IMessageHandler.h">
      <Filter>头文件</Filter>
    </ClInclude>
    <ClInclude Include="IMessageProcessor.h">
      <Filter>头文件</Filter>
    </ClInclude>
    <ClInclude Include="IMessageServer.h">
      <Filter>头文件</Filter>
    </ClInclude>
    <ClInclude Include="IMessageServiceFactory.h">
      <Filter>头文件</Filter>
    </ClInclude>
    <ClInclude Include="IMessageSession.h">
      <Filter>头文件</Filter>
    </ClInclude>
    <ClInclude Include="ISessionManager.h">
      <Filter>头文件</Filter>
    </ClInclude>
    <ClInclude Include="IUserInfo.h">
      <Filter>头文件</Filter>
    </ClInclude>
    <ClInclude Include="LoginHandler.h">
      <Filter>头文件</Filter>
    </ClInclude>
    <ClInclude Include="LogoutHandler.h">
      <Filter>头文件</Filter>
    </ClInclude>
    <ClInclude Include="MessageHandler.h">
      <Filter>头文件</Filter>
    </ClInclude>
    <ClInclude Include="MessageProcessor.h">
      <Filter>头文件</Filter>
    </ClInclude>
    <ClInclude Include="MessageServer.h">
      <Filter>头文件</Filter>
    </ClInclude>
    <ClInclude Include="MessageServiceFactory.h">
      <Filter>头文件</Filter>
    </ClInclude>
    <ClInclude Include="MessageSession.h">
      <Filter>头文件</Filter>
    </ClInclude>
    <ClInclude Include="SessionManager.h">
      <Filter>头文件</Filter>
    </ClInclude>
    <ClInclude Include="TemplateMessageProcessor.h">
      <Filter>头文件</Filter>
    </ClInclude>
    <ClInclude Include="UserInfo.h">
      <Filter>头文件</Filter>
    </ClInclude>
    <ClInclude Include="message_exp.h">
      <Filter>头文件</Filter>
    </ClInclude>
    <ClInclude Include="NopHandler.h">
      <Filter>头文件</Filter>
    </ClInclude>
    <ClInclude Include="IMessageServiceLocator.h">
      <Filter>头文件</Filter>
    </ClInclude>
    <ClInclude Include="MessageServiceLocator.h">
      <Filter>头文件</Filter>
    </ClInclude>
    <ClInclude Include="BizError.h">
      <Filter>头文件</Filter>
    </ClInclude>
    <ClInclude Include="ISession.h">
      <Filter>头文件</Filter>
    </ClInclude>
    <ClInclude Include="typedef.h">
      <Filter>头文件</Filter>
    </ClInclude>
    <ClInclude Include="IProcessorBase.h">
      <Filter>头文件</Filter>
    </ClInclude>
    <ClInclude Include="IRawAPI.h">
      <Filter>头文件</Filter>
    </ClInclude>
    <ClInclude Include="ServerSessionManager.h">
      <Filter>头文件</Filter>
    </ClInclude>
    <ClInclude Include="SessionContainer.h">
      <Filter>头文件</Filter>
    </ClInclude>
    <ClInclude Include="IUserContextBuilder.h">
      <Filter>头文件</Filter>
    </ClInclude>
    <ClInclude Include="message_macro.h">
      <Filter>头文件</Filter>
    </ClInclude>
    <ClInclude Include="GlobalProcessorRegistry.h">
      <Filter>头文件</Filter>
    </ClInclude>
    <ClInclude Include="resource.h">
      <Filter>头文件</Filter>
    </ClInclude>
    <ClInclude Include="MessageException.h">
      <Filter>头文件</Filter>
    </ClInclude>
    <ClInclude Include="MessageInterfaceDeclare.h">
      <Filter>头文件</Filter>
    </ClInclude>
    <ClInclude Include="EchoMessageHandler.h">
      <Filter>头文件</Filter>
    </ClInclude>
    <ClInclude Include="EchoMessageSerializer.h">
      <Filter>头文件</Filter>
    </ClInclude>
    <ClInclude Include="MessageUtility.h">
      <Filter>头文件</Filter>
    </ClInclude>
    <ClInclude Include="ServerContext.h">
      <Filter>头文件</Filter>
    </ClInclude>
    <ClInclude Include="IServerContext.h">
      <Filter>头文件</Filter>
    </ClInclude>
    <ClInclude Include="IMessageContext.h">
      <Filter>头文件</Filter>
    </ClInclude>
    <ClInclude Include="MessageContext.h">
      <Filter>头文件</Filter>
    </ClInclude>
    <ClInclude Include="ReturnHandler.h">
      <Filter>头文件</Filter>
    </ClInclude>
  </ItemGroup>
  <ItemGroup>
    <ClCompile Include="MessageProcessor.cpp">
      <Filter>源文件</Filter>
    </ClCompile>
    <ClCompile Include="MessageServer.cpp">
      <Filter>源文件</Filter>
    </ClCompile>
    <ClCompile Include="MessageSession.cpp">
      <Filter>源文件</Filter>
    </ClCompile>
    <ClCompile Include="SessionManager.cpp">
      <Filter>源文件</Filter>
    </ClCompile>
    <ClCompile Include="TemplateMessageProcessor.cpp">
      <Filter>源文件</Filter>
    </ClCompile>
    <ClCompile Include="UserInfo.cpp">
      <Filter>源文件</Filter>
    </ClCompile>
    <ClCompile Include="MessageServiceLocator.cpp">
      <Filter>源文件</Filter>
    </ClCompile>
    <ClCompile Include="MessageServiceFactory.cpp">
      <Filter>源文件</Filter>
    </ClCompile>
    <ClCompile Include="ServerSessionManager.cpp">
      <Filter>源文件</Filter>
    </ClCompile>
    <ClCompile Include="GlobalProcessorRegistry.cpp">
      <Filter>源文件</Filter>
    </ClCompile>
    <ClCompile Include="MessageHandler.cpp">
      <Filter>源文件</Filter>
    </ClCompile>
    <ClCompile Include="EchoMessageHandler.cpp">
      <Filter>源文件</Filter>
    </ClCompile>
    <ClCompile Include="EchoMessageSerializer.cpp">
      <Filter>源文件</Filter>
    </ClCompile>
    <ClCompile Include="ServerContext.cpp">
      <Filter>源文件</Filter>
    </ClCompile>
    <ClCompile Include="MessageContext.cpp">
      <Filter>源文件</Filter>
    </ClCompile>
  </ItemGroup>
  <ItemGroup>
    <ResourceCompile Include="message.rc">
      <Filter>资源文件</Filter>
    </ResourceCompile>
  </ItemGroup>
</Project>