<?xml version="1.0" encoding="utf-8"?>
<Project ToolsVersion="4.0" xmlns="http://schemas.microsoft.com/developer/msbuild/2003">
  <ItemGroup>
    <Filter Include="源文件">
      <UniqueIdentifier>{4FC737F1-C7A5-4376-A066-2A32D752A2FF}</UniqueIdentifier>
      <Extensions>cpp;c;cc;cxx;def;odl;idl;hpj;bat;asm;asmx</Extensions>
    </Filter>
    <Filter Include="头文件">
      <UniqueIdentifier>{93995380-89BD-4b04-88EB-625FBE52EBFB}</UniqueIdentifier>
      <Extensions>h;hh;hpp;hxx;hm;inl;inc;xsd</Extensions>
    </Filter>
    <Filter Include="资源文件">
      <UniqueIdentifier>{67DA6AB6-F800-4c08-8B7A-83BB121AAD01}</UniqueIdentifier>
      <Extensions>rc;ico;cur;bmp;dlg;rc2;rct;bin;rgs;gif;jpg;jpeg;jpe;resx;tiff;tif;png;wav;mfcribbon-ms</Extensions>
    </Filter>
    <Filter Include="头文件\DAO">
      <UniqueIdentifier>{6ef9f2b4-25a1-4413-b9ee-3c301bd5f0dc}</UniqueIdentifier>
      <Extensions>*DAO.h</Extensions>
    </Filter>
    <Filter Include="源文件\DAO">
      <UniqueIdentifier>{2347d59b-44f7-4c0c-b51b-09179d471e31}</UniqueIdentifier>
      <Extensions>*DAO.cpp</Extensions>
    </Filter>
  </ItemGroup>
  <ItemGroup>
    <Text Include="ReadMe.txt" />
  </ItemGroup>
  <ItemGroup>
    <ClInclude Include="databaseop_exp.h">
      <Filter>头文件</Filter>
    </ClInclude>
    <ClInclude Include="db_config.h">
      <Filter>头文件</Filter>
    </ClInclude>
    <ClInclude Include="ConnectionPool.h">
      <Filter>头文件</Filter>
    </ClInclude>
    <ClInclude Include="AbstractConnectionManager.h">
      <Filter>头文件</Filter>
    </ClInclude>
    <ClInclude Include="MySqlConnectionManager.h">
      <Filter>头文件</Filter>
    </ClInclude>
    <ClInclude Include="MySqlDefinition.h">
      <Filter>头文件</Filter>
    </ClInclude>
    <ClInclude Include="ContractDAO.h">
      <Filter>头文件\DAO</Filter>
    </ClInclude>
    <ClInclude Include="OrderDAO.h">
      <Filter>头文件\DAO</Filter>
    </ClInclude>
    <ClInclude Include="OTCOrderDAO.h">
      <Filter>头文件\DAO</Filter>
    </ClInclude>
    <ClInclude Include="PortfolioDAO.h">
      <Filter>头文件\DAO</Filter>
    </ClInclude>
    <ClInclude Include="StrategyContractDAO.h">
      <Filter>头文件\DAO</Filter>
    </ClInclude>
    <ClInclude Include="SysParamsDAO.h">
      <Filter>头文件\DAO</Filter>
    </ClInclude>
    <ClInclude Include="UserInfoDAO.h">
      <Filter>头文件\DAO</Filter>
    </ClInclude>
    <ClInclude Include="resource.h">
      <Filter>头文件</Filter>
    </ClInclude>
    <ClInclude Include="TradeDAO.h">
      <Filter>头文件\DAO</Filter>
    </ClInclude>
    <ClInclude Include="ModelParamsDAO.h">
      <Filter>头文件\DAO</Filter>
    </ClInclude>
    <ClInclude Include="ExchangeRouterDAO.h">
      <Filter>头文件\DAO</Filter>
    </ClInclude>
  </ItemGroup>
  <ItemGroup>
    <ClCompile Include="AbstractConnectionManager.cpp">
      <Filter>源文件</Filter>
    </ClCompile>
    <ClCompile Include="MySqlConnectionManager.cpp">
      <Filter>源文件</Filter>
    </ClCompile>
    <ClCompile Include="ContractDAO.cpp">
      <Filter>源文件\DAO</Filter>
    </ClCompile>
    <ClCompile Include="OrderDAO.cpp">
      <Filter>源文件\DAO</Filter>
    </ClCompile>
    <ClCompile Include="OTCOrderDAO.cpp">
      <Filter>源文件\DAO</Filter>
    </ClCompile>
    <ClCompile Include="PortfolioDAO.cpp">
      <Filter>源文件\DAO</Filter>
    </ClCompile>
    <ClCompile Include="StrategyContractDAO.cpp">
      <Filter>源文件\DAO</Filter>
    </ClCompile>
    <ClCompile Include="SysParamsDAO.cpp">
      <Filter>源文件\DAO</Filter>
    </ClCompile>
    <ClCompile Include="UserInfoDAO.cpp">
      <Filter>源文件\DAO</Filter>
    </ClCompile>
    <ClCompile Include="TradeDAO.cpp">
      <Filter>源文件\DAO</Filter>
    </ClCompile>
    <ClCompile Include="ModelParamsDAO.cpp">
      <Filter>源文件\DAO</Filter>
    </ClCompile>
    <ClCompile Include="ExchangeRouterDAO.cpp">
      <Filter>源文件\DAO</Filter>
    </ClCompile>
  </ItemGroup>
  <ItemGroup>
    <ResourceCompile Include="databaseop.rc">
      <Filter>资源文件</Filter>
    </ResourceCompile>
  </ItemGroup>
</Project>